
Microsoft Visual Studio Solution File, Format Version 12.00
# Visual Studio Version 17
VisualStudioVersion = 17.14.36401.2
MinimumVisualStudioVersion = 10.0.40219.1
Project("{8BC9CEB8-8B4A-11D0-8D11-00A0C91BC942}") = "Program", "Program.vcxproj", "{305176ED-53BA-46FC-A352-244180E4681A}"
EndProject
Project("{8BC9CEB8-8B4A-11D0-8D11-00A0C91BC942}") = "Class1th (Single Linked List)", "..\Class1th (Single Linked List)\Class1th (Single Linked List).vcxproj", "{5C35DF68-AA52-4018-A8DE-BEE63D0BBB16}"
EndProject
Project("{8BC9CEB8-8B4A-11D0-8D11-00A0C91BC942}") = "Class2th (Double Linked List)", "..\Class2th (Double Linked List)\Class2th (Double Linked List).vcxproj", "{C0270934-EC7A-4406-A6FD-9721C4969B79}"
EndProject
Project("{8BC9CEB8-8B4A-11D0-8D11-00A0C91BC942}") = "Class3th(Circle Linked List)", "..\Class3th(Circle Linked List)\Class3th(Circle Linked List).vcxproj", "{175095C3-9955-4651-8C6D-A946D6BBF7C6}"
EndProject
Project("{8BC9CEB8-8B4A-11D0-8D11-00A0C91BC942}") = "Class4th (Vector)", "..\Class4th (Vector)\Class4th (Vector).vcxproj", "{F40E0CDF-AAB2-40EF-9F56-A963A6E1CD9A}"
EndProject
Project("{8BC9CEB8-8B4A-11D0-8D11-00A0C91BC942}") = "Class5th (Stack)", "..\Class5th (Stack)\Class5th (Stack).vcxproj", "{A8D72C5C-7E34-425E-8132-00C5E9BFB7A8}"
EndProject
Global
	GlobalSection(SolutionConfigurationPlatforms) = preSolution
		Debug|x64 = Debug|x64
		Debug|x86 = Debug|x86
		Release|x64 = Release|x64
		Release|x86 = Release|x86
	EndGlobalSection
	GlobalSection(ProjectConfigurationPlatforms) = postSolution
		{305176ED-53BA-46FC-A352-244180E4681A}.Debug|x64.ActiveCfg = Debug|x64
		{305176ED-53BA-46FC-A352-244180E4681A}.Debug|x64.Build.0 = Debug|x64
		{305176ED-53BA-46FC-A352-244180E4681A}.Debug|x86.ActiveCfg = Debug|Win32
		{305176ED-53BA-46FC-A352-244180E4681A}.Debug|x86.Build.0 = Debug|Win32
		{305176ED-53BA-46FC-A352-244180E4681A}.Release|x64.ActiveCfg = Release|x64
		{305176ED-53BA-46FC-A352-244180E4681A}.Release|x64.Build.0 = Release|x64
		{305176ED-53BA-46FC-A352-244180E4681A}.Release|x86.ActiveCfg = Release|Win32
		{305176ED-53BA-46FC-A352-244180E4681A}.Release|x86.Build.0 = Release|Win32
		{5C35DF68-AA52-4018-A8DE-BEE63D0BBB16}.Debug|x64.ActiveCfg = Debug|x64
		{5C35DF68-AA52-4018-A8DE-BEE63D0BBB16}.Debug|x64.Build.0 = Debug|x64
		{5C35DF68-AA52-4018-A8DE-BEE63D0BBB16}.Debug|x86.ActiveCfg = Debug|Win32
		{5C35DF68-AA52-4018-A8DE-BEE63D0BBB16}.Debug|x86.Build.0 = Debug|Win32
		{5C35DF68-AA52-4018-A8DE-BEE63D0BBB16}.Release|x64.ActiveCfg = Release|x64
		{5C35DF68-AA52-4018-A8DE-BEE63D0BBB16}.Release|x64.Build.0 = Release|x64
		{5C35DF68-AA52-4018-A8DE-BEE63D0BBB16}.Release|x86.ActiveCfg = Release|Win32
		{5C35DF68-AA52-4018-A8DE-BEE63D0BBB16}.Release|x86.Build.0 = Release|Win32
		{C0270934-EC7A-4406-A6FD-9721C4969B79}.Debug|x64.ActiveCfg = Debug|x64
		{C0270934-EC7A-4406-A6FD-9721C4969B79}.Debug|x64.Build.0 = Debug|x64
		{C0270934-EC7A-4406-A6FD-9721C4969B79}.Debug|x86.ActiveCfg = Debug|Win32
		{C0270934-EC7A-4406-A6FD-9721C4969B79}.Debug|x86.Build.0 = Debug|Win32
		{C0270934-EC7A-4406-A6FD-9721C4969B79}.Release|x64.ActiveCfg = Release|x64
		{C0270934-EC7A-4406-A6FD-9721C4969B79}.Release|x64.Build.0 = Release|x64
		{C0270934-EC7A-4406-A6FD-9721C4969B79}.Release|x86.ActiveCfg = Release|Win32
		{C0270934-EC7A-4406-A6FD-9721C4969B79}.Release|x86.Build.0 = Release|Win32
		{175095C3-9955-4651-8C6D-A946D6BBF7C6}.Debug|x64.ActiveCfg = Debug|x64
		{175095C3-9955-4651-8C6D-A946D6BBF7C6}.Debug|x64.Build.0 = Debug|x64
		{175095C3-9955-4651-8C6D-A946D6BBF7C6}.Debug|x86.ActiveCfg = Debug|Win32
		{175095C3-9955-4651-8C6D-A946D6BBF7C6}.Debug|x86.Build.0 = Debug|Win32
		{175095C3-9955-4651-8C6D-A946D6BBF7C6}.Release|x64.ActiveCfg = Release|x64
		{175095C3-9955-4651-8C6D-A946D6BBF7C6}.Release|x64.Build.0 = Release|x64
		{175095C3-9955-4651-8C6D-A946D6BBF7C6}.Release|x86.ActiveCfg = Release|Win32
		{175095C3-9955-4651-8C6D-A946D6BBF7C6}.Release|x86.Build.0 = Release|Win32
		{F40E0CDF-AAB2-40EF-9F56-A963A6E1CD9A}.Debug|x64.ActiveCfg = Debug|x64
		{F40E0CDF-AAB2-40EF-9F56-A963A6E1CD9A}.Debug|x64.Build.0 = Debug|x64
		{F40E0CDF-AAB2-40EF-9F56-A963A6E1CD9A}.Debug|x86.ActiveCfg = Debug|Win32
		{F40E0CDF-AAB2-40EF-9F56-A963A6E1CD9A}.Debug|x86.Build.0 = Debug|Win32
		{F40E0CDF-AAB2-40EF-9F56-A963A6E1CD9A}.Release|x64.ActiveCfg = Release|x64
		{F40E0CDF-AAB2-40EF-9F56-A963A6E1CD9A}.Release|x64.Build.0 = Release|x64
		{F40E0CDF-AAB2-40EF-9F56-A963A6E1CD9A}.Release|x86.ActiveCfg = Release|Win32
		{F40E0CDF-AAB2-40EF-9F56-A963A6E1CD9A}.Release|x86.Build.0 = Release|Win32
		{A8D72C5C-7E34-425E-8132-00C5E9BFB7A8}.Debug|x64.ActiveCfg = Debug|x64
		{A8D72C5C-7E34-425E-8132-00C5E9BFB7A8}.Debug|x64.Build.0 = Debug|x64
		{A8D72C5C-7E34-425E-8132-00C5E9BFB7A8}.Debug|x86.ActiveCfg = Debug|Win32
		{A8D72C5C-7E34-425E-8132-00C5E9BFB7A8}.Debug|x86.Build.0 = Debug|Win32
		{A8D72C5C-7E34-425E-8132-00C5E9BFB7A8}.Release|x64.ActiveCfg = Release|x64
		{A8D72C5C-7E34-425E-8132-00C5E9BFB7A8}.Release|x64.Build.0 = Release|x64
		{A8D72C5C-7E34-425E-8132-00C5E9BFB7A8}.Release|x86.ActiveCfg = Release|Win32
		{A8D72C5C-7E34-425E-8132-00C5E9BFB7A8}.Release|x86.Build.0 = Release|Win32
	EndGlobalSection
	GlobalSection(SolutionProperties) = preSolution
		HideSolutionNode = FALSE
	EndGlobalSection
	GlobalSection(ExtensibilityGlobals) = postSolution
		SolutionGuid = {C8E9035C-59AE-4F46-A7AF-0E122CDDCF7B}
	EndGlobalSection
EndGlobal
